
Microsoft Visual Studio Solution File, Format Version 12.00
Project("{FAE04EC0-301F-11D3-BF4B-00C04F79EFBC}") = "RebusConfiguration", "RebusConfiguration\RebusConfiguration.csproj", "{12365587-5183-4622-BDDB-24E3C386F0F6}"
EndProject
Project("{FAE04EC0-301F-11D3-BF4B-00C04F79EFBC}") = "App1", "App1\App1.csproj", "{599C4067-F825-4162-A825-C8F39F1AC4DA}"
EndProject
Project("{FAE04EC0-301F-11D3-BF4B-00C04F79EFBC}") = "App2", "App2\App2.csproj", "{4C378FE8-6973-4605-BB33-3708B0DFA7D8}"
EndProject
Global
	GlobalSection(SolutionConfigurationPlatforms) = preSolution
		Debug|Any CPU = Debug|Any CPU
		Release|Any CPU = Release|Any CPU
	EndGlobalSection
	GlobalSection(ProjectConfigurationPlatforms) = postSolution
		{12365587-5183-4622-BDDB-24E3C386F0F6}.Debug|Any CPU.ActiveCfg = Debug|Any CPU
		{12365587-5183-4622-BDDB-24E3C386F0F6}.Debug|Any CPU.Build.0 = Debug|Any CPU
		{12365587-5183-4622-BDDB-24E3C386F0F6}.Release|Any CPU.ActiveCfg = Release|Any CPU
		{12365587-5183-4622-BDDB-24E3C386F0F6}.Release|Any CPU.Build.0 = Release|Any CPU
		{599C4067-F825-4162-A825-C8F39F1AC4DA}.Debug|Any CPU.ActiveCfg = Debug|Any CPU
		{599C4067-F825-4162-A825-C8F39F1AC4DA}.Debug|Any CPU.Build.0 = Debug|Any CPU
		{599C4067-F825-4162-A825-C8F39F1AC4DA}.Release|Any CPU.ActiveCfg = Release|Any CPU
		{599C4067-F825-4162-A825-C8F39F1AC4DA}.Release|Any CPU.Build.0 = Release|Any CPU
		{4C378FE8-6973-4605-BB33-3708B0DFA7D8}.Debug|Any CPU.ActiveCfg = Debug|Any CPU
		{4C378FE8-6973-4605-BB33-3708B0DFA7D8}.Debug|Any CPU.Build.0 = Debug|Any CPU
		{4C378FE8-6973-4605-BB33-3708B0DFA7D8}.Release|Any CPU.ActiveCfg = Release|Any CPU
		{4C378FE8-6973-4605-BB33-3708B0DFA7D8}.Release|Any CPU.Build.0 = Release|Any CPU
	EndGlobalSection
EndGlobal
